Microsoft Visual Studio Solution File, Format Version 12.00
# Visual Studio Version 17
VisualStudioVersion = 17.3.32825.248
MinimumVisualStudioVersion = 10.0.40219.1
Project("{6EC3EE1D-3C4E-46DD-8F32-0CC8E7565705}") = "SedBot", "SedBot\SedBot.fsproj", "{27ABDDCC-42B0-4D49-B26C-72217FBB41C6}"
EndProject
Project("{F2A71F9B-5D33-465A-A702-920D77279786}") = "SedBot.Tests", "SedBot.Tests\SedBot.Tests.fsproj", "{FFEB5E81-9A91-4647-A6CC-63980C287C61}"
EndProject
Project("{F2A71F9B-5D33-465A-A702-920D77279786}") = "SedBot.Common", "SedBot.Common\SedBot.Common.fsproj", "{69226BDE-C61F-445F-BDB3-01426B117CFA}"
EndProject
Global
	GlobalSection(SolutionConfigurationPlatforms) = preSolution
		Debug|Any CPU = Debug|Any CPU
		Release|Any CPU = Release|Any CPU
	EndGlobalSection
	GlobalSection(ProjectConfigurationPlatforms) = postSolution
		{27ABDDCC-42B0-4D49-B26C-72217FBB41C6}.Debug|Any CPU.ActiveCfg = Debug|Any CPU
		{27ABDDCC-42B0-4D49-B26C-72217FBB41C6}.Debug|Any CPU.Build.0 = Debug|Any CPU
		{27ABDDCC-42B0-4D49-B26C-72217FBB41C6}.Release|Any CPU.ActiveCfg = Release|Any CPU
		{27ABDDCC-42B0-4D49-B26C-72217FBB41C6}.Release|Any CPU.Build.0 = Release|Any CPU
		{FFEB5E81-9A91-4647-A6CC-63980C287C61}.Debug|Any CPU.ActiveCfg = Debug|Any CPU
		{FFEB5E81-9A91-4647-A6CC-63980C287C61}.Debug|Any CPU.Build.0 = Debug|Any CPU
		{FFEB5E81-9A91-4647-A6CC-63980C287C61}.Release|Any CPU.ActiveCfg = Release|Any CPU
		{FFEB5E81-9A91-4647-A6CC-63980C287C61}.Release|Any CPU.Build.0 = Release|Any CPU
		{69226BDE-C61F-445F-BDB3-01426B117CFA}.Debug|Any CPU.ActiveCfg = Debug|Any CPU
		{69226BDE-C61F-445F-BDB3-01426B117CFA}.Debug|Any CPU.Build.0 = Debug|Any CPU
		{69226BDE-C61F-445F-BDB3-01426B117CFA}.Release|Any CPU.ActiveCfg = Release|Any CPU
		{69226BDE-C61F-445F-BDB3-01426B117CFA}.Release|Any CPU.Build.0 = Release|Any CPU
	EndGlobalSection
	GlobalSection(SolutionProperties) = preSolution
		HideSolutionNode = FALSE
	EndGlobalSection
	GlobalSection(NestedProjects) = preSolution
	EndGlobalSection
	GlobalSection(ExtensibilityGlobals) = postSolution
		SolutionGuid = {52A2E3C8-1642-44B8-B9F6-63FB9827D0BD}
	EndGlobalSection
EndGlobal
